
Microsoft Visual Studio Solution File, Format Version 12.00
# Visual Studio 15
VisualStudioVersion = 15.0.28307.705
MinimumVisualStudioVersion = 10.0.40219.1
Project("{9A19103F-16F7-4668-BE54-9A1E7A4F7556}") = "DAL", "DAL\DAL.csproj", "{04267FB4-3A26-442F-9384-2BF3CB87AB0A}"
EndProject
Project("{9A19103F-16F7-4668-BE54-9A1E7A4F7556}") = "BLL", "BLL\BLL.csproj", "{7867DA6A-10B7-4B67-B7EC-66BF673940D1}"
EndProject
Project("{FAE04EC0-301F-11D3-BF4B-00C04F79EFBC}") = "UI", "UI\UI.csproj", "{67CCC287-D915-4BAE-9CDD-CD02849FAEEC}"
EndProject
Global
	GlobalSection(SolutionConfigurationPlatforms) = preSolution
		Debug|Any CPU = Debug|Any CPU
		Release|Any CPU = Release|Any CPU
	EndGlobalSection
	GlobalSection(ProjectConfigurationPlatforms) = postSolution
		{04267FB4-3A26-442F-9384-2BF3CB87AB0A}.Debug|Any CPU.ActiveCfg = Debug|Any CPU
		{04267FB4-3A26-442F-9384-2BF3CB87AB0A}.Debug|Any CPU.Build.0 = Debug|Any CPU
		{04267FB4-3A26-442F-9384-2BF3CB87AB0A}.Release|Any CPU.ActiveCfg = Release|Any CPU
		{04267FB4-3A26-442F-9384-2BF3CB87AB0A}.Release|Any CPU.Build.0 = Release|Any CPU
		{7867DA6A-10B7-4B67-B7EC-66BF673940D1}.Debug|Any CPU.ActiveCfg = Debug|Any CPU
		{7867DA6A-10B7-4B67-B7EC-66BF673940D1}.Debug|Any CPU.Build.0 = Debug|Any CPU
		{7867DA6A-10B7-4B67-B7EC-66BF673940D1}.Release|Any CPU.ActiveCfg = Release|Any CPU
		{7867DA6A-10B7-4B67-B7EC-66BF673940D1}.Release|Any CPU.Build.0 = Release|Any CPU
		{67CCC287-D915-4BAE-9CDD-CD02849FAEEC}.Debug|Any CPU.ActiveCfg = Debug|Any CPU
		{67CCC287-D915-4BAE-9CDD-CD02849FAEEC}.Debug|Any CPU.Build.0 = Debug|Any CPU
		{67CCC287-D915-4BAE-9CDD-CD02849FAEEC}.Release|Any CPU.ActiveCfg = Release|Any CPU
		{67CCC287-D915-4BAE-9CDD-CD02849FAEEC}.Release|Any CPU.Build.0 = Release|Any CPU
	EndGlobalSection
	GlobalSection(SolutionProperties) = preSolution
		HideSolutionNode = FALSE
	EndGlobalSection
	GlobalSection(ExtensibilityGlobals) = postSolution
		SolutionGuid = {A770BA6F-76FF-44D3-B3E5-EDD9CCBE62DB}
	EndGlobalSection
EndGlobal
